
Microsoft Visual Studio Solution File, Format Version 12.00
# Visual Studio Version 17
VisualStudioVersion = 17.7.34009.444
MinimumVisualStudioVersion = 10.0.40219.1
Project("{2150E333-8FDC-42A3-9474-1A3956D46DE8}") = "Core", "Core", "{0C5FDC7E-E15E-410C-8D2A-A4AF29D8EF9A}"
EndProject
Project("{9A19103F-16F7-4668-BE54-9A1E7A4F7556}") = "JobNetworkAPI.Domain", "Core\JobNetworkAPI.Domain\JobNetworkAPI.Domain.csproj", "{6406A0A5-5FAD-4FC8-93EA-266E3F07E34C}"
EndProject
Project("{9A19103F-16F7-4668-BE54-9A1E7A4F7556}") = "JobNetworkAPI.Application", "Core\JobNetworkAPI.Application\JobNetworkAPI.Application.csproj", "{D74256EB-AD27-4210-82E3-1D08CAD20730}"
EndProject
Project("{2150E333-8FDC-42A3-9474-1A3956D46DE8}") = "Presentation", "Presentation", "{0DF0CD9A-41B5-4A74-A27F-35644C42A423}"
EndProject
Project("{9A19103F-16F7-4668-BE54-9A1E7A4F7556}") = "JobNetworkAPI.API", "Presentation\JobNetworkAPI.API\JobNetworkAPI.API.csproj", "{F7FF18D4-9C84-4E54-A773-6318803B92F3}"
EndProject
Project("{2150E333-8FDC-42A3-9474-1A3956D46DE8}") = "Infrastructure", "Infrastructure", "{7E932227-A8C6-478A-B15F-96DDB3D63D14}"
EndProject
Project("{9A19103F-16F7-4668-BE54-9A1E7A4F7556}") = "JobNetworkAPI.Infrastructure", "Infrastructure\JobNetworkAPI.Infrastructure\JobNetworkAPI.Infrastructure.csproj", "{DF549641-3380-463E-885C-A97716DFB45B}"
EndProject
Project("{9A19103F-16F7-4668-BE54-9A1E7A4F7556}") = "JobNetworkAPI.Persistence", "Infrastructure\JobNetworkAPI.Persistence\JobNetworkAPI.Persistence.csproj", "{8E966FAE-E453-4CC4-811C-701DB99C6587}"
EndProject
Global
	GlobalSection(SolutionConfigurationPlatforms) = preSolution
		Debug|Any CPU = Debug|Any CPU
		Release|Any CPU = Release|Any CPU
	EndGlobalSection
	GlobalSection(ProjectConfigurationPlatforms) = postSolution
		{6406A0A5-5FAD-4FC8-93EA-266E3F07E34C}.Debug|Any CPU.ActiveCfg = Debug|Any CPU
		{6406A0A5-5FAD-4FC8-93EA-266E3F07E34C}.Debug|Any CPU.Build.0 = Debug|Any CPU
		{6406A0A5-5FAD-4FC8-93EA-266E3F07E34C}.Release|Any CPU.ActiveCfg = Release|Any CPU
		{6406A0A5-5FAD-4FC8-93EA-266E3F07E34C}.Release|Any CPU.Build.0 = Release|Any CPU
		{D74256EB-AD27-4210-82E3-1D08CAD20730}.Debug|Any CPU.ActiveCfg = Debug|Any CPU
		{D74256EB-AD27-4210-82E3-1D08CAD20730}.Debug|Any CPU.Build.0 = Debug|Any CPU
		{D74256EB-AD27-4210-82E3-1D08CAD20730}.Release|Any CPU.ActiveCfg = Release|Any CPU
		{D74256EB-AD27-4210-82E3-1D08CAD20730}.Release|Any CPU.Build.0 = Release|Any CPU
		{F7FF18D4-9C84-4E54-A773-6318803B92F3}.Debug|Any CPU.ActiveCfg = Debug|Any CPU
		{F7FF18D4-9C84-4E54-A773-6318803B92F3}.Debug|Any CPU.Build.0 = Debug|Any CPU
		{F7FF18D4-9C84-4E54-A773-6318803B92F3}.Release|Any CPU.ActiveCfg = Release|Any CPU
		{F7FF18D4-9C84-4E54-A773-6318803B92F3}.Release|Any CPU.Build.0 = Release|Any CPU
		{DF549641-3380-463E-885C-A97716DFB45B}.Debug|Any CPU.ActiveCfg = Debug|Any CPU
		{DF549641-3380-463E-885C-A97716DFB45B}.Debug|Any CPU.Build.0 = Debug|Any CPU
		{DF549641-3380-463E-885C-A97716DFB45B}.Release|Any CPU.ActiveCfg = Release|Any CPU
		{DF549641-3380-463E-885C-A97716DFB45B}.Release|Any CPU.Build.0 = Release|Any CPU
		{8E966FAE-E453-4CC4-811C-701DB99C6587}.Debug|Any CPU.ActiveCfg = Debug|Any CPU
		{8E966FAE-E453-4CC4-811C-701DB99C6587}.Debug|Any CPU.Build.0 = Debug|Any CPU
		{8E966FAE-E453-4CC4-811C-701DB99C6587}.Release|Any CPU.ActiveCfg = Release|Any CPU
		{8E966FAE-E453-4CC4-811C-701DB99C6587}.Release|Any CPU.Build.0 = Release|Any CPU
	EndGlobalSection
	GlobalSection(SolutionProperties) = preSolution
		HideSolutionNode = FALSE
	EndGlobalSection
	GlobalSection(NestedProjects) = preSolution
		{6406A0A5-5FAD-4FC8-93EA-266E3F07E34C} = {0C5FDC7E-E15E-410C-8D2A-A4AF29D8EF9A}
		{D74256EB-AD27-4210-82E3-1D08CAD20730} = {0C5FDC7E-E15E-410C-8D2A-A4AF29D8EF9A}
		{F7FF18D4-9C84-4E54-A773-6318803B92F3} = {0DF0CD9A-41B5-4A74-A27F-35644C42A423}
		{DF549641-3380-463E-885C-A97716DFB45B} = {7E932227-A8C6-478A-B15F-96DDB3D63D14}
		{8E966FAE-E453-4CC4-811C-701DB99C6587} = {7E932227-A8C6-478A-B15F-96DDB3D63D14}
	EndGlobalSection
	GlobalSection(ExtensibilityGlobals) = postSolution
		SolutionGuid = {A3C8CFAE-DB67-4620-99FA-C5B5ADA99F8C}
	EndGlobalSection
EndGlobal
